{
    "name": "codeblock",
    "version": "0.3.8",
    "lockfileVersion": 1,
    "requires": true,
    "dependencies": {
        "JSV": {
            "version": "4.0.2",
            "resolved": "https://registry.npmjs.org/JSV/-/JSV-4.0.2.tgz",
            "integrity": "sha1-0Hf2glVx+CEy+d/67Vh7QCn+/1c="
        },
        "ansi-styles": {
            "version": "1.0.0",
            "resolved": "https://registry.npmjs.org/ansi-styles/-/ansi-styles-1.0.0.tgz",
            "integrity": "sha1-yxAt8cVvUSPquLZ817mAJ6AnkXg="
        },
        "bash.origin": {
            "version": "0.1.90",
            "dependencies": {
                "bash.origin.test": {
                    "bundled": true,
                    "dependencies": {
                        "bash.origin": {
                            "bundled": true,
                            "dependencies": {
                                "bash.origin.test": {
                                    "bundled": true,
                                    "dependencies": {}
                                }
                            }
                        }
                    }
                }
            }
        },
        "bash.origin.workspace": {
            "version": "0.2.77",
            "resolved": "https://registry.npmjs.org/bash.origin.workspace/-/bash.origin.workspace-0.2.77.tgz",
            "integrity": "sha512-dAEe4LiISIrqoBM9/VVHOdxbwB01c2+4m76owN5WhljEVKW2Qpxe099nArYDVFZgvqdGn6HKoMW7ucxmsWYW/g==",
            "dev": true,
            "requires": {
                "bash.origin": "0.1.90"
            }
        },
        "chalk": {
            "version": "0.4.0",
            "resolved": "https://registry.npmjs.org/chalk/-/chalk-0.4.0.tgz",
            "integrity": "sha1-UZmj3c0MHv4jvAjBsCewYXbgxk8=",
            "requires": {
                "ansi-styles": "1.0.0",
                "has-color": "0.1.7",
                "strip-ansi": "0.1.1"
            }
        },
        "colors": {
            "version": "1.1.2",
            "resolved": "https://registry.npmjs.org/colors/-/colors-1.1.2.tgz",
            "integrity": "sha1-FopHAXVran9RoSzgyXv6KMCE7WM=",
            "dev": true
        },
        "diff": {
            "version": "3.4.0",
            "resolved": "https://registry.npmjs.org/diff/-/diff-3.4.0.tgz",
            "integrity": "sha512-QpVuMTEoJMF7cKzi6bvWhRulU1fZqZnvyVQgNhPaxxuTYwyjn/j1v9falseQ/uXWwPnO56RBfwtg4h/EQXmucA==",
            "dev": true
        },
        "escape-string-regexp": {
            "version": "1.0.5",
            "resolved": "https://registry.npmjs.org/escape-string-regexp/-/escape-string-regexp-1.0.5.tgz",
            "integrity": "sha1-G2HAViGQqN/2rjuyzwIAyhMLhtQ="
        },
        "esprima": {
            "version": "3.1.3",
            "resolved": "https://registry.npmjs.org/esprima/-/esprima-3.1.3.tgz",
            "integrity": "sha1-/cpRzuYTOJXjyI1TXOSdv/YqRjM="
        },
        "has-color": {
            "version": "0.1.7",
            "resolved": "https://registry.npmjs.org/has-color/-/has-color-0.1.7.tgz",
            "integrity": "sha1-ZxRKUmDDT8PMpnfQQdr1L+e3iy8="
        },
        "jsonlint": {
            "version": "1.6.2",
            "resolved": "https://registry.npmjs.org/jsonlint/-/jsonlint-1.6.2.tgz",
            "integrity": "sha1-VzcEUIX1XrRVxosf9OvAG9UOiDA=",
            "requires": {
                "JSV": "4.0.2",
                "nomnom": "1.8.1"
            }
        },
        "nomnom": {
            "version": "1.8.1",
            "resolved": "https://registry.npmjs.org/nomnom/-/nomnom-1.8.1.tgz",
            "integrity": "sha1-IVH3Ikcrp55Qp2/BJbuMjy5Nwqc=",
            "requires": {
                "chalk": "0.4.0",
                "underscore": "1.6.0"
            }
        },
        "path-parse": {
            "version": "1.0.5",
            "resolved": "https://registry.npmjs.org/path-parse/-/path-parse-1.0.5.tgz",
            "integrity": "sha1-PBrfhx6pzWyUMbbqK9dKD/BVxME="
        },
        "resolve": {
            "version": "1.5.0",
            "resolved": "https://registry.npmjs.org/resolve/-/resolve-1.5.0.tgz",
            "integrity": "sha512-hgoSGrc3pjzAPHNBg+KnFcK2HwlHTs/YrAGUr6qgTVUZmXv1UEXXl0bZNBKMA9fud6lRYFdPGz0xXxycPzmmiw==",
            "requires": {
                "path-parse": "1.0.5"
            }
        },
        "strip-ansi": {
            "version": "0.1.1",
            "resolved": "https://registry.npmjs.org/strip-ansi/-/strip-ansi-0.1.1.tgz",
            "integrity": "sha1-OeipjQRNFQZgq+SmgIrPcLt7yZE="
        },
        "traverse": {
            "version": "0.6.6",
            "resolved": "https://registry.npmjs.org/traverse/-/traverse-0.6.6.tgz",
            "integrity": "sha1-y99WD9e5r2MlAv7UD5GMFX6pcTc="
        },
        "underscore": {
            "version": "1.6.0",
            "resolved": "https://registry.npmjs.org/underscore/-/underscore-1.6.0.tgz",
            "integrity": "sha1-izixDKze9jM3uLJOT/htRa6lKag="
        }
    }
}
